
Microsoft Visual Studio Solution File, Format Version 12.00
# Visual Studio Version 17
VisualStudioVersion = 17.5.002.0
MinimumVisualStudioVersion = 10.0.40219.1
Project("{9A19103F-16F7-4668-BE54-9A1E7A4F7556}") = "Soru1", "Soru1.csproj", "{4EDF79CF-0ADD-4C14-A2F6-75493849F71F}"
EndProject
Global
	GlobalSection(SolutionConfigurationPlatforms) = preSolution
		Debug|Any CPU = Debug|Any CPU
		Release|Any CPU = Release|Any CPU
	EndGlobalSection
	GlobalSection(ProjectConfigurationPlatforms) = postSolution
		{4EDF79CF-0ADD-4C14-A2F6-75493849F71F}.Debug|Any CPU.ActiveCfg = Debug|Any CPU
		{4EDF79CF-0ADD-4C14-A2F6-75493849F71F}.Debug|Any CPU.Build.0 = Debug|Any CPU
		{4EDF79CF-0ADD-4C14-A2F6-75493849F71F}.Release|Any CPU.ActiveCfg = Release|Any CPU
		{4EDF79CF-0ADD-4C14-A2F6-75493849F71F}.Release|Any CPU.Build.0 = Release|Any CPU
	EndGlobalSection
	GlobalSection(SolutionProperties) = preSolution
		HideSolutionNode = FALSE
	EndGlobalSection
	GlobalSection(ExtensibilityGlobals) = postSolution
		SolutionGuid = {961BF0C5-F27C-4A9D-B8C2-7CD7A9621CE8}
	EndGlobalSection
EndGlobal
